<?xml version="1.0" encoding="utf-8"?>
<Project ToolsVersion="4.0" xmlns="http://schemas.microsoft.com/developer/msbuild/2003">
  <ItemGroup>
    <Filter Include="Source Files">
      <UniqueIdentifier>{4FC737F1-C7A5-4376-A066-2A32D752A2FF}</UniqueIdentifier>
      <Extensions>cpp;c;cc;cxx;def;odl;idl;hpj;bat;asm;asmx</Extensions>
    </Filter>
    <Filter Include="Header Files">
      <UniqueIdentifier>{93995380-89BD-4b04-88EB-625FBE52EBFB}</UniqueIdentifier>
      <Extensions>h;hh;hpp;hxx;hm;inl;inc;xsd</Extensions>
    </Filter>
    <Filter Include="Resource Files">
      <UniqueIdentifier>{67DA6AB6-F800-4c08-8B7A-83BB121AAD01}</UniqueIdentifier>
      <Extensions>rc;ico;cur;bmp;dlg;rc2;rct;bin;rgs;gif;jpg;jpeg;jpe;resx;tiff;tif;png;wav;mfcribbon-ms</Extensions>
    </Filter>
  </ItemGroup>
  <ItemGroup>
    <ClCompile Include="ActionCard.cpp">
      <Filter>Source Files</Filter>
    </ClCompile>
    <ClCompile Include="AnimalCard.cpp">
      <Filter>Source Files</Filter>
    </ClCompile>
    <ClCompile Include="AnimalCardFactory.cpp">
      <Filter>Source Files</Filter>
    </ClCompile>
    <ClCompile Include="BearAction.cpp">
      <Filter>Source Files</Filter>
    </ClCompile>
    <ClCompile Include="DeerAction.cpp">
      <Filter>Source Files</Filter>
    </ClCompile>
    <ClCompile Include="Hand.cpp">
      <Filter>Source Files</Filter>
    </ClCompile>
    <ClCompile Include="HareAction.cpp">
      <Filter>Source Files</Filter>
    </ClCompile>
    <ClCompile Include="Joker.cpp">
      <Filter>Source Files</Filter>
    </ClCompile>
    <ClCompile Include="main.cpp">
      <Filter>Source Files</Filter>
    </ClCompile>
    <ClCompile Include="MooseAction.cpp">
      <Filter>Source Files</Filter>
    </ClCompile>
    <ClCompile Include="NoSplit.cpp">
      <Filter>Source Files</Filter>
    </ClCompile>
    <ClCompile Include="Player.cpp">
      <Filter>Source Files</Filter>
    </ClCompile>
    <ClCompile Include="QueryResult.cpp">
      <Filter>Source Files</Filter>
    </ClCompile>
    <ClCompile Include="SplitFour.cpp">
      <Filter>Source Files</Filter>
    </ClCompile>
    <ClCompile Include="SplitThree.cpp">
      <Filter>Source Files</Filter>
    </ClCompile>
    <ClCompile Include="SplitTwo.cpp">
      <Filter>Source Files</Filter>
    </ClCompile>
    <ClCompile Include="StartCard.cpp">
      <Filter>Source Files</Filter>
    </ClCompile>
    <ClCompile Include="StartStack.cpp">
      <Filter>Source Files</Filter>
    </ClCompile>
    <ClCompile Include="Table.cpp">
      <Filter>Source Files</Filter>
    </ClCompile>
    <ClCompile Include="WolfAction.cpp">
      <Filter>Source Files</Filter>
    </ClCompile>
  </ItemGroup>
  <ItemGroup>
    <ClInclude Include="ActionCard.h">
      <Filter>Header Files</Filter>
    </ClInclude>
    <ClInclude Include="AnimalCard.h">
      <Filter>Header Files</Filter>
    </ClInclude>
    <ClInclude Include="AnimalCardFactory.h">
      <Filter>Header Files</Filter>
    </ClInclude>
    <ClInclude Include="BearAction.h">
      <Filter>Header Files</Filter>
    </ClInclude>
    <ClInclude Include="Deck.h">
      <Filter>Header Files</Filter>
    </ClInclude>
    <ClInclude Include="DeerAction.h">
      <Filter>Header Files</Filter>
    </ClInclude>
    <ClInclude Include="Hand.h">
      <Filter>Header Files</Filter>
    </ClInclude>
    <ClInclude Include="HareAction.h">
      <Filter>Header Files</Filter>
    </ClInclude>
    <ClInclude Include="Joker.h">
      <Filter>Header Files</Filter>
    </ClInclude>
    <ClInclude Include="MooseAction.h">
      <Filter>Header Files</Filter>
    </ClInclude>
    <ClInclude Include="NoSplit.h">
      <Filter>Header Files</Filter>
    </ClInclude>
    <ClInclude Include="Player.h">
      <Filter>Header Files</Filter>
    </ClInclude>
    <ClInclude Include="QueryResult.h">
      <Filter>Header Files</Filter>
    </ClInclude>
    <ClInclude Include="SplitFour.h">
      <Filter>Header Files</Filter>
    </ClInclude>
    <ClInclude Include="SplitThree.h">
      <Filter>Header Files</Filter>
    </ClInclude>
    <ClInclude Include="SplitTwo.h">
      <Filter>Header Files</Filter>
    </ClInclude>
    <ClInclude Include="StartCard.h">
      <Filter>Header Files</Filter>
    </ClInclude>
    <ClInclude Include="StartStack.h">
      <Filter>Header Files</Filter>
    </ClInclude>
    <ClInclude Include="Table.h">
      <Filter>Header Files</Filter>
    </ClInclude>
    <ClInclude Include="WolfAction.h">
      <Filter>Header Files</Filter>
    </ClInclude>
  </ItemGroup>
</Project>